
Microsoft Visual Studio Solution File, Format Version 12.00
# Visual Studio Version 17
VisualStudioVersion = 17.10.35027.167
MinimumVisualStudioVersion = 10.0.40219.1
Project("{FAE04EC0-301F-11D3-BF4B-00C04F79EFBC}") = "JobCandidateApplication", "JobCandidateApplication\JobCandidateApplication.csproj", "{2BC24B3F-F52B-409C-9816-1B49F6F63604}"
EndProject
Project("{9A19103F-16F7-4668-BE54-9A1E7A4F7556}") = "JobCandidate.Application", "JobCandidate.Application\JobCandidate.Application.csproj", "{ECE049B4-BBF3-45A1-B1FC-724A13BDD67A}"
EndProject
Project("{9A19103F-16F7-4668-BE54-9A1E7A4F7556}") = "JobCandidate.Domain", "JobCandidate.Domain\JobCandidate.Domain.csproj", "{331B515B-1B2F-48EB-9B1E-A4680563BD90}"
EndProject
Project("{9A19103F-16F7-4668-BE54-9A1E7A4F7556}") = "JobCandidate.Infrastructure", "JobCandidate.Infastructure\JobCandidate.Infrastructure.csproj", "{F3A62409-9FAC-4670-BFAD-3A78FD4C6151}"
EndProject
Global
	GlobalSection(SolutionConfigurationPlatforms) = preSolution
		Debug|Any CPU = Debug|Any CPU
		Release|Any CPU = Release|Any CPU
	EndGlobalSection
	GlobalSection(ProjectConfigurationPlatforms) = postSolution
		{2BC24B3F-F52B-409C-9816-1B49F6F63604}.Debug|Any CPU.ActiveCfg = Debug|Any CPU
		{2BC24B3F-F52B-409C-9816-1B49F6F63604}.Debug|Any CPU.Build.0 = Debug|Any CPU
		{2BC24B3F-F52B-409C-9816-1B49F6F63604}.Release|Any CPU.ActiveCfg = Release|Any CPU
		{2BC24B3F-F52B-409C-9816-1B49F6F63604}.Release|Any CPU.Build.0 = Release|Any CPU
		{ECE049B4-BBF3-45A1-B1FC-724A13BDD67A}.Debug|Any CPU.ActiveCfg = Debug|Any CPU
		{ECE049B4-BBF3-45A1-B1FC-724A13BDD67A}.Debug|Any CPU.Build.0 = Debug|Any CPU
		{ECE049B4-BBF3-45A1-B1FC-724A13BDD67A}.Release|Any CPU.ActiveCfg = Release|Any CPU
		{ECE049B4-BBF3-45A1-B1FC-724A13BDD67A}.Release|Any CPU.Build.0 = Release|Any CPU
		{331B515B-1B2F-48EB-9B1E-A4680563BD90}.Debug|Any CPU.ActiveCfg = Debug|Any CPU
		{331B515B-1B2F-48EB-9B1E-A4680563BD90}.Debug|Any CPU.Build.0 = Debug|Any CPU
		{331B515B-1B2F-48EB-9B1E-A4680563BD90}.Release|Any CPU.ActiveCfg = Release|Any CPU
		{331B515B-1B2F-48EB-9B1E-A4680563BD90}.Release|Any CPU.Build.0 = Release|Any CPU
		{F3A62409-9FAC-4670-BFAD-3A78FD4C6151}.Debug|Any CPU.ActiveCfg = Debug|Any CPU
		{F3A62409-9FAC-4670-BFAD-3A78FD4C6151}.Debug|Any CPU.Build.0 = Debug|Any CPU
		{F3A62409-9FAC-4670-BFAD-3A78FD4C6151}.Release|Any CPU.ActiveCfg = Release|Any CPU
		{F3A62409-9FAC-4670-BFAD-3A78FD4C6151}.Release|Any CPU.Build.0 = Release|Any CPU
	EndGlobalSection
	GlobalSection(SolutionProperties) = preSolution
		HideSolutionNode = FALSE
	EndGlobalSection
	GlobalSection(ExtensibilityGlobals) = postSolution
		SolutionGuid = {770A3B59-7D39-4CCA-8410-F22B9C3D436A}
	EndGlobalSection
EndGlobal
